// !$*UTF8*$!
{
	archiveVersion = 1;
	classes = {
	};
	objectVersion = 50;
	objects = {

/* Begin PBXBuildFile section */
		31872E1320752782005D5C45 /* AppDelegate.swift in Sources */ = {isa = PBXBuildFile; fileRef = 31872E1220752782005D5C45 /* AppDelegate.swift */; };
		31872E1520752782005D5C45 /* ViewController.swift in Sources */ = {isa = PBXBuildFile; fileRef = 31872E1420752782005D5C45 /* ViewController.swift */; };
		31872E1820752782005D5C45 /* Main.storyboard in Resources */ = {isa = PBXBuildFile; fileRef = 31872E1620752782005D5C45 /* Main.storyboard */; };
		31872E1A20752783005D5C45 /* Assets.xcassets in Resources */ = {isa = PBXBuildFile; fileRef = 31872E1920752783005D5C45 /* Assets.xcassets */; };
		31872E1D20752783005D5C45 /* LaunchScreen.storyboard in Resources */ = {isa = PBXBuildFile; fileRef = 31872E1B20752783005D5C45 /* LaunchScreen.storyboard */; };
		31872E2820752783005D5C45 /* ExpensesTableViewTests.swift in Sources */ = {isa = PBXBuildFile; fileRef = 31872E2720752783005D5C45 /* ExpensesTableViewTests.swift */; };
		31872E3320752783005D5C45 /* ExpensesTableViewUITests.swift in Sources */ = {isa = PBXBuildFile; fileRef = 31872E3220752783005D5C45 /* ExpensesTableViewUITests.swift */; };
		31872E41207527A0005D5C45 /* ExpenseData.swift in Sources */ = {isa = PBXBuildFile; fileRef = 31872E40207527A0005D5C45 /* ExpenseData.swift */; };
/* End PBXBuildFile section */

/* Begin PBXContainerItemProxy section */
		31872E2420752783005D5C45 /* PBXContainerItemProxy */ = {
			isa = PBXContainerItemProxy;
			containerPortal = 31872E0720752782005D5C45 /* Project object */;
			proxyType = 1;
			remoteGlobalIDString = 31872E0E20752782005D5C45;
			remoteInfo = ExpensesTableView;
		};
		31872E2F20752783005D5C45 /* PBXContainerItemProxy */ = {
			isa = PBXContainerItemProxy;
			containerPortal = 31872E0720752782005D5C45 /* Project object */;
			proxyType = 1;
			remoteGlobalIDString = 31872E0E20752782005D5C45;
			remoteInfo = ExpensesTableView;
		};
/* End PBXContainerItemProxy section */

/* Begin PBXFileReference section */
		31872E0F20752782005D5C45 /* ExpensesTableView.app */ = {isa = PBXFileReference; explicitFileType = wrapper.application; includeInIndex = 0; path = ExpensesTableView.app; sourceTree = BUILT_PRODUCTS_DIR; };
		31872E1220752782005D5C45 /* AppDelegate.swift */ = {isa = PBXFileReference; lastKnownFileType = sourcecode.swift; path = AppDelegate.swift; sourceTree = "<group>"; };
		31872E1420752782005D5C45 /* ViewController.swift */ = {isa = PBXFileReference; lastKnownFileType = sourcecode.swift; path = ViewController.swift; sourceTree = "<group>"; };
		31872E1720752782005D5C45 /* Base */ = {isa = PBXFileReference; lastKnownFileType = file.storyboard; name = Base; path = Base.lproj/Main.storyboard; sourceTree = "<group>"; };
		31872E1920752783005D5C45 /* Assets.xcassets */ = {isa = PBXFileReference; lastKnownFileType = folder.assetcatalog; path = Assets.xcassets; sourceTree = "<group>"; };
		31872E1C20752783005D5C45 /* Base */ = {isa = PBXFileReference; lastKnownFileType = file.storyboard; name = Base; path = Base.lproj/LaunchScreen.storyboard; sourceTree = "<group>"; };
		31872E1E20752783005D5C45 /* Info.plist */ = {isa = PBXFileReference; lastKnownFileType = text.plist.xml; path = Info.plist; sourceTree = "<group>"; };
		31872E2320752783005D5C45 /* ExpensesTableViewTests.xctest */ = {isa = PBXFileReference; explicitFileType = wrapper.cfbundle; includeInIndex = 0; path = ExpensesTableViewTests.xctest; sourceTree = BUILT_PRODUCTS_DIR; };
		31872E2720752783005D5C45 /* ExpensesTableViewTests.swift */ = {isa = PBXFileReference; lastKnownFileType = sourcecode.swift; path = ExpensesTableViewTests.swift; sourceTree = "<group>"; };
		31872E2920752783005D5C45 /* Info.plist */ = {isa = PBXFileReference; lastKnownFileType = text.plist.xml; path = Info.plist; sourceTree = "<group>"; };
		31872E2E20752783005D5C45 /* ExpensesTableViewUITests.xctest */ = {isa = PBXFileReference; explicitFileType = wrapper.cfbundle; includeInIndex = 0; path = ExpensesTableViewUITests.xctest; sourceTree = BUILT_PRODUCTS_DIR; };
		31872E3220752783005D5C45 /* ExpensesTableViewUITests.swift */ = {isa = PBXFileReference; lastKnownFileType = sourcecode.swift; path = ExpensesTableViewUITests.swift; sourceTree = "<group>"; };
		31872E3420752783005D5C45 /* Info.plist */ = {isa = PBXFileReference; lastKnownFileType = text.plist.xml; path = Info.plist; sourceTree = "<group>"; };
		31872E40207527A0005D5C45 /* ExpenseData.swift */ = {isa = PBXFileReference; fileEncoding = 4; lastKnownFileType = sourcecode.swift; path = ExpenseData.swift; sourceTree = "<group>"; };
/* End PBXFileReference section */

/* Begin PBXFrameworksBuildPhase section */
		31872E0C20752782005D5C45 /* Frameworks */ = {
			isa = PBXFrameworksBuildPhase;
			buildActionMask = 2147483647;
			files = (
			);
			runOnlyForDeploymentPostprocessing = 0;
		};
		31872E2020752783005D5C45 /* Frameworks */ = {
			isa = PBXFrameworksBuildPhase;
			buildActionMask = 2147483647;
			files = (
			);
			runOnlyForDeploymentPostprocessing = 0;
		};
		31872E2B20752783005D5C45 /* Frameworks */ = {
			isa = PBXFrameworksBuildPhase;
			buildActionMask = 2147483647;
			files = (
			);
			runOnlyForDeploymentPostprocessing = 0;
		};
/* End PBXFrameworksBuildPhase section */

/* Begin PBXGroup section */
		31872E0620752782005D5C45 = {
			isa = PBXGroup;
			children = (
				31872E1120752782005D5C45 /* ExpensesTableView */,
				31872E2620752783005D5C45 /* ExpensesTableViewTests */,
				31872E3120752783005D5C45 /* ExpensesTableViewUITests */,
				31872E1020752782005D5C45 /* Products */,
			);
			sourceTree = "<group>";
		};
		31872E1020752782005D5C45 /* Products */ = {
			isa = PBXGroup;
			children = (
				31872E0F20752782005D5C45 /* ExpensesTableView.app */,
				31872E2320752783005D5C45 /* ExpensesTableViewTests.xctest */,
				31872E2E20752783005D5C45 /* ExpensesTableViewUITests.xctest */,
			);
			name = Products;
			sourceTree = "<group>";
		};
		31872E1120752782005D5C45 /* ExpensesTableView */ = {
			isa = PBXGroup;
			children = (
				31872E1220752782005D5C45 /* AppDelegate.swift */,
				31872E1420752782005D5C45 /* ViewController.swift */,
				31872E1620752782005D5C45 /* Main.storyboard */,
				31872E1920752783005D5C45 /* Assets.xcassets */,
				31872E1B20752783005D5C45 /* LaunchScreen.storyboard */,
				31872E40207527A0005D5C45 /* ExpenseData.swift */,
				31872E1E20752783005D5C45 /* Info.plist */,
			);
			path = ExpensesTableView;
			sourceTree = "<group>";
		};
		31872E2620752783005D5C45 /* ExpensesTableViewTests */ = {
			isa = PBXGroup;
			children = (
				31872E2720752783005D5C45 /* ExpensesTableViewTests.swift */,
				31872E2920752783005D5C45 /* Info.plist */,
			);
			path = ExpensesTableViewTests;
			sourceTree = "<group>";
		};
		31872E3120752783005D5C45 /* ExpensesTableViewUITests */ = {
			isa = PBXGroup;
			children = (
				31872E3220752783005D5C45 /* ExpensesTableViewUITests.swift */,
				31872E3420752783005D5C45 /* Info.plist */,
			);
			path = ExpensesTableViewUITests;
			sourceTree = "<group>";
		};
/* End PBXGroup section */

/* Begin PBXNativeTarget section */
		31872E0E20752782005D5C45 /* ExpensesTableView */ = {
			isa = PBXNativeTarget;
			buildConfigurationList = 31872E3720752783005D5C45 /* Build configuration list for PBXNativeTarget "ExpensesTableView" */;
			buildPhases = (
				31872E0B20752782005D5C45 /* Sources */,
				31872E0C20752782005D5C45 /* Frameworks */,
				31872E0D20752782005D5C45 /* Resources */,
			);
			buildRules = (
			);
			dependencies = (
			);
			name = ExpensesTableView;
			productName = ExpensesTableView;
			productReference = 31872E0F20752782005D5C45 /* ExpensesTableView.app */;
			productType = "com.apple.product-type.application";
		};
		31872E2220752783005D5C45 /* ExpensesTableViewTests */ = {
			isa = PBXNativeTarget;
			buildConfigurationList = 31872E3A20752783005D5C45 /* Build configuration list for PBXNativeTarget "ExpensesTableViewTests" */;
			buildPhases = (
				31872E1F20752783005D5C45 /* Sources */,
				31872E2020752783005D5C45 /* Frameworks */,
				31872E2120752783005D5C45 /* Resources */,
			);
			buildRules = (
			);
			dependencies = (
				31872E2520752783005D5C45 /* PBXTargetDependency */,
			);
			name = ExpensesTableViewTests;
			productName = ExpensesTableViewTests;
			productReference = 31872E2320752783005D5C45 /* ExpensesTableViewTests.xctest */;
			productType = "com.apple.product-type.bundle.unit-test";
		};
		31872E2D20752783005D5C45 /* ExpensesTableViewUITests */ = {
			isa = PBXNativeTarget;
			buildConfigurationList = 31872E3D20752783005D5C45 /* Build configuration list for PBXNativeTarget "ExpensesTableViewUITests" */;
			buildPhases = (
				31872E2A20752783005D5C45 /* Sources */,
				31872E2B20752783005D5C45 /* Frameworks */,
				31872E2C20752783005D5C45 /* Resources */,
			);
			buildRules = (
			);
			dependencies = (
				31872E3020752783005D5C45 /* PBXTargetDependency */,
			);
			name = ExpensesTableViewUITests;
			productName = ExpensesTableViewUITests;
			productReference = 31872E2E20752783005D5C45 /* ExpensesTableViewUITests.xctest */;
			productType = "com.apple.product-type.bundle.ui-testing";
		};
/* End PBXNativeTarget section */

/* Begin PBXProject section */
		31872E0720752782005D5C45 /* Project object */ = {
			isa = PBXProject;
			attributes = {
				LastSwiftUpdateCheck = 0930;
				LastUpgradeCheck = 0930;
				ORGANIZATIONNAME = "SAP Concur";
				TargetAttributes = {
					31872E0E20752782005D5C45 = {
						CreatedOnToolsVersion = 9.3;
					};
					31872E2220752783005D5C45 = {
						CreatedOnToolsVersion = 9.3;
						TestTargetID = 31872E0E20752782005D5C45;
					};
					31872E2D20752783005D5C45 = {
						CreatedOnToolsVersion = 9.3;
						TestTargetID = 31872E0E20752782005D5C45;
					};
				};
			};
			buildConfigurationList = 31872E0A20752782005D5C45 /* Build configuration list for PBXProject "ExpensesTableView" */;
			compatibilityVersion = "Xcode 9.3";
			developmentRegion = en;
			hasScannedForEncodings = 0;
			knownRegions = (
				en,
				Base,
			);
			mainGroup = 31872E0620752782005D5C45;
			productRefGroup = 31872E1020752782005D5C45 /* Products */;
			projectDirPath = "";
			projectRoot = "";
			targets = (
				31872E0E20752782005D5C45 /* ExpensesTableView */,
				31872E2220752783005D5C45 /* ExpensesTableViewTests */,
				31872E2D20752783005D5C45 /* ExpensesTableViewUITests */,
			);
		};
/* End PBXProject section */

/* Begin PBXResourcesBuildPhase section */
		31872E0D20752782005D5C45 /* Resources */ = {
			isa = PBXResourcesBuildPhase;
			buildActionMask = 2147483647;
			files = (
				31872E1D20752783005D5C45 /* LaunchScreen.storyboard in Resources */,
				31872E1A20752783005D5C45 /* Assets.xcassets in Resources */,
				31872E1820752782005D5C45 /* Main.storyboard in Resources */,
			);
			runOnlyForDeploymentPostprocessing = 0;
		};
		31872E2120752783005D5C45 /* Resources */ = {
			isa = PBXResourcesBuildPhase;
			buildActionMask = 2147483647;
			files = (
			);
			runOnlyForDeploymentPostprocessing = 0;
		};
		31872E2C20752783005D5C45 /* Resources */ = {
			isa = PBXResourcesBuildPhase;
			buildActionMask = 2147483647;
			files = (
			);
			runOnlyForDeploymentPostprocessing = 0;
		};
/* End PBXResourcesBuildPhase section */

/* Begin PBXSourcesBuildPhase section */
		31872E0B20752782005D5C45 /* Sources */ = {
			isa = PBXSourcesBuildPhase;
			buildActionMask = 2147483647;
			files = (
				31872E41207527A0005D5C45 /* ExpenseData.swift in Sources */,
				31872E1520752782005D5C45 /* ViewController.swift in Sources */,
				31872E1320752782005D5C45 /* AppDelegate.swift in Sources */,
			);
			runOnlyForDeploymentPostprocessing = 0;
		};
		31872E1F20752783005D5C45 /* Sources */ = {
			isa = PBXSourcesBuildPhase;
			buildActionMask = 2147483647;
			files = (
				31872E2820752783005D5C45 /* ExpensesTableViewTests.swift in Sources */,
			);
			runOnlyForDeploymentPostprocessing = 0;
		};
		31872E2A20752783005D5C45 /* Sources */ = {
			isa = PBXSourcesBuildPhase;
			buildActionMask = 2147483647;
			files = (
				31872E3320752783005D5C45 /* ExpensesTableViewUITests.swift in Sources */,
			);
			runOnlyForDeploymentPostprocessing = 0;
		};
/* End PBXSourcesBuildPhase section */

/* Begin PBXTargetDependency section */
		31872E2520752783005D5C45 /* PBXTargetDependency */ = {
			isa = PBXTargetDependency;
			target = 31872E0E20752782005D5C45 /* ExpensesTableView */;
			targetProxy = 31872E2420752783005D5C45 /* PBXContainerItemProxy */;
		};
		31872E3020752783005D5C45 /* PBXTargetDependency */ = {
			isa = PBXTargetDependency;
			target = 31872E0E20752782005D5C45 /* ExpensesTableView */;
			targetProxy = 31872E2F20752783005D5C45 /* PBXContainerItemProxy */;
		};
/* End PBXTargetDependency section */

/* Begin PBXVariantGroup section */
		31872E1620752782005D5C45 /* Main.storyboard */ = {
			isa = PBXVariantGroup;
			children = (
				31872E1720752782005D5C45 /* Base */,
			);
			name = Main.storyboard;
			sourceTree = "<group>";
		};
		31872E1B20752783005D5C45 /* LaunchScreen.storyboard */ = {
			isa = PBXVariantGroup;
			children = (
				31872E1C20752783005D5C45 /* Base */,
			);
			name = LaunchScreen.storyboard;
			sourceTree = "<group>";
		};
/* End PBXVariantGroup section */

/* Begin XCBuildConfiguration section */
		31872E3520752783005D5C45 /* Debug */ = {
			isa = XCBuildConfiguration;
			buildSettings = {
				ALWAYS_SEARCH_USER_PATHS = NO;
				CLANG_ANALYZER_NONNULL = YES;
				CLANG_ANALYZER_NUMBER_OBJECT_CONVERSION = YES_AGGRESSIVE;
				CLANG_CXX_LANGUAGE_STANDARD = "gnu++14";
				CLANG_CXX_LIBRARY = "libc++";
				CLANG_ENABLE_MODULES = YES;
				CLANG_ENABLE_OBJC_ARC = YES;
				CLANG_ENABLE_OBJC_WEAK = YES;
				CLANG_WARN_BLOCK_CAPTURE_AUTORELEASING = YES;
				CLANG_WARN_BOOL_CONVERSION = YES;
				CLANG_WARN_COMMA = YES;
				CLANG_WARN_CONSTANT_CONVERSION = YES;
				CLANG_WARN_DEPRECATED_OBJC_IMPLEMENTATIONS = YES;
				CLANG_WARN_DIRECT_OBJC_ISA_USAGE = YES_ERROR;
				CLANG_WARN_DOCUMENTATION_COMMENTS = YES;
				CLANG_WARN_EMPTY_BODY = YES;
				CLANG_WARN_ENUM_CONVERSION = YES;
				CLANG_WARN_INFINITE_RECURSION = YES;
				CLANG_WARN_INT_CONVERSION = YES;
				CLANG_WARN_NON_LITERAL_NULL_CONVERSION = YES;
				CLANG_WARN_OBJC_IMPLICIT_RETAIN_SELF = YES;
				CLANG_WARN_OBJC_LITERAL_CONVERSION = YES;
				CLANG_WARN_OBJC_ROOT_CLASS = YES_ERROR;
				CLANG_WARN_RANGE_LOOP_ANALYSIS = YES;
				CLANG_WARN_STRICT_PROTOTYPES = YES;
				CLANG_WARN_SUSPICIOUS_MOVE = YES;
				CLANG_WARN_UNGUARDED_AVAILABILITY = YES_AGGRESSIVE;
				CLANG_WARN_UNREACHABLE_CODE = YES;
				CLANG_WARN__DUPLICATE_METHOD_MATCH = YES;
				CODE_SIGN_IDENTITY = "iPhone Developer";
				COPY_PHASE_STRIP = NO;
				DEBUG_INFORMATION_FORMAT = dwarf;
				ENABLE_STRICT_OBJC_MSGSEND = YES;
				ENABLE_TESTABILITY = YES;
				GCC_C_LANGUAGE_STANDARD = gnu11;
				GCC_DYNAMIC_NO_PIC = NO;
				GCC_NO_COMMON_BLOCKS = YES;
				GCC_OPTIMIZATION_LEVEL = 0;
				GCC_PREPROCESSOR_DEFINITIONS = (
					"DEBUG=1",
					"$(inherited)",
				);
				GCC_WARN_64_TO_32_BIT_CONVERSION = YES;
				GCC_WARN_ABOUT_RETURN_TYPE = YES_ERROR;
				GCC_WARN_UNDECLARED_SELECTOR = YES;
				GCC_WARN_UNINITIALIZED_AUTOS = YES_AGGRESSIVE;
				GCC_WARN_UNUSED_FUNCTION = YES;
				GCC_WARN_UNUSED_VARIABLE = YES;
				IPHONEOS_DEPLOYMENT_TARGET = 11.3;
				MTL_ENABLE_DEBUG_INFO = YES;
				ONLY_ACTIVE_ARCH = YES;
				SDKROOT = iphoneos;
				SWIFT_ACTIVE_COMPILATION_CONDITIONS = DEBUG;
				SWIFT_OPTIMIZATION_LEVEL = "-Onone";
			};
			name = Debug;
		};
		31872E3620752783005D5C45 /* Release */ = {
			isa = XCBuildConfiguration;
			buildSettings = {
				ALWAYS_SEARCH_USER_PATHS = NO;
				CLANG_ANALYZER_NONNULL = YES;
				CLANG_ANALYZER_NUMBER_OBJECT_CONVERSION = YES_AGGRESSIVE;
				CLANG_CXX_LANGUAGE_STANDARD = "gnu++14";
				CLANG_CXX_LIBRARY = "libc++";
				CLANG_ENABLE_MODULES = YES;
				CLANG_ENABLE_OBJC_ARC = YES;
				CLANG_ENABLE_OBJC_WEAK = YES;
				CLANG_WARN_BLOCK_CAPTURE_AUTORELEASING = YES;
				CLANG_WARN_BOOL_CONVERSION = YES;
				CLANG_WARN_COMMA = YES;
				CLANG_WARN_CONSTANT_CONVERSION = YES;
				CLANG_WARN_DEPRECATED_OBJC_IMPLEMENTATIONS = YES;
				CLANG_WARN_DIRECT_OBJC_ISA_USAGE = YES_ERROR;
				CLANG_WARN_DOCUMENTATION_COMMENTS = YES;
				CLANG_WARN_EMPTY_BODY = YES;
				CLANG_WARN_ENUM_CONVERSION = YES;
				CLANG_WARN_INFINITE_RECURSION = YES;
				CLANG_WARN_INT_CONVERSION = YES;
				CLANG_WARN_NON_LITERAL_NULL_CONVERSION = YES;
				CLANG_WARN_OBJC_IMPLICIT_RETAIN_SELF = YES;
				CLANG_WARN_OBJC_LITERAL_CONVERSION = YES;
				CLANG_WARN_OBJC_ROOT_CLASS = YES_ERROR;
				CLANG_WARN_RANGE_LOOP_ANALYSIS = YES;
				CLANG_WARN_STRICT_PROTOTYPES = YES;
				CLANG_WARN_SUSPICIOUS_MOVE = YES;
				CLANG_WARN_UNGUARDED_AVAILABILITY = YES_AGGRESSIVE;
				CLANG_WARN_UNREACHABLE_CODE = YES;
				CLANG_WARN__DUPLICATE_METHOD_MATCH = YES;
				CODE_SIGN_IDENTITY = "iPhone Developer";
				COPY_PHASE_STRIP = NO;
				DEBUG_INFORMATION_FORMAT = "dwarf-with-dsym";
				ENABLE_NS_ASSERTIONS = NO;
				ENABLE_STRICT_OBJC_MSGSEND = YES;
				GCC_C_LANGUAGE_STANDARD = gnu11;
				GCC_NO_COMMON_BLOCKS = YES;
				GCC_WARN_64_TO_32_BIT_CONVERSION = YES;
				GCC_WARN_ABOUT_RETURN_TYPE = YES_ERROR;
				GCC_WARN_UNDECLARED_SELECTOR = YES;
				GCC_WARN_UNINITIALIZED_AUTOS = YES_AGGRESSIVE;
				GCC_WARN_UNUSED_FUNCTION = YES;
				GCC_WARN_UNUSED_VARIABLE = YES;
				IPHONEOS_DEPLOYMENT_TARGET = 11.3;
				MTL_ENABLE_DEBUG_INFO = NO;
				SDKROOT = iphoneos;
				SWIFT_COMPILATION_MODE = wholemodule;
				SWIFT_OPTIMIZATION_LEVEL = "-O";
				VALIDATE_PRODUCT = YES;
			};
			name = Release;
		};
		31872E3820752783005D5C45 /* Debug */ = {
			isa = XCBuildConfiguration;
			buildSettings = {
				ASSETCATALOG_COMPILER_APPICON_NAME = AppIcon;
				CODE_SIGN_STYLE = Automatic;
				DEVELOPMENT_TEAM = 6RSFSCR94T;
				INFOPLIST_FILE = ExpensesTableView/Info.plist;
				LD_RUNPATH_SEARCH_PATHS = (
					"$(inherited)",
					"@executable_path/Frameworks",
				);
				PRODUCT_BUNDLE_IDENTIFIER = com.concurcourse.ExpensesTableView;
				PRODUCT_NAME = "$(TARGET_NAME)";
				SWIFT_VERSION = 4.0;
				TARGETED_DEVICE_FAMILY = "1,2";
			};
			name = Debug;
		};
		31872E3920752783005D5C45 /* Release */ = {
			isa = XCBuildConfiguration;
			buildSettings = {
				ASSETCATALOG_COMPILER_APPICON_NAME = AppIcon;
				CODE_SIGN_STYLE = Automatic;
				DEVELOPMENT_TEAM = 6RSFSCR94T;
				INFOPLIST_FILE = ExpensesTableView/Info.plist;
				LD_RUNPATH_SEARCH_PATHS = (
					"$(inherited)",
					"@executable_path/Frameworks",
				);
				PRODUCT_BUNDLE_IDENTIFIER = com.concurcourse.ExpensesTableView;
				PRODUCT_NAME = "$(TARGET_NAME)";
				SWIFT_VERSION = 4.0;
				TARGETED_DEVICE_FAMILY = "1,2";
			};
			name = Release;
		};
		31872E3B20752783005D5C45 /* Debug */ = {
			isa = XCBuildConfiguration;
			buildSettings = {
				ALWAYS_EMBED_SWIFT_STANDARD_LIBRARIES = YES;
				BUNDLE_LOADER = "$(TEST_HOST)";
				CODE_SIGN_STYLE = Automatic;
				DEVELOPMENT_TEAM = 6RSFSCR94T;
				INFOPLIST_FILE = ExpensesTableViewTests/Info.plist;
				LD_RUNPATH_SEARCH_PATHS = (
					"$(inherited)",
					"@executable_path/Frameworks",
					"@loader_path/Frameworks",
				);
				PRODUCT_BUNDLE_IDENTIFIER = com.concurcourse.ExpensesTableViewTests;
				PRODUCT_NAME = "$(TARGET_NAME)";
				SWIFT_VERSION = 4.0;
				TARGETED_DEVICE_FAMILY = "1,2";
				TEST_HOST = "$(BUILT_PRODUCTS_DIR)/ExpensesTableView.app/ExpensesTableView";
			};
			name = Debug;
		};
		31872E3C20752783005D5C45 /* Release */ = {
			isa = XCBuildConfiguration;
			buildSettings = {
				ALWAYS_EMBED_SWIFT_STANDARD_LIBRARIES = YES;
				BUNDLE_LOADER = "$(TEST_HOST)";
				CODE_SIGN_STYLE = Automatic;
				DEVELOPMENT_TEAM = 6RSFSCR94T;
				INFOPLIST_FILE = ExpensesTableViewTests/Info.plist;
				LD_RUNPATH_SEARCH_PATHS = (
					"$(inherited)",
					"@executable_path/Frameworks",
					"@loader_path/Frameworks",
				);
				PRODUCT_BUNDLE_IDENTIFIER = com.concurcourse.ExpensesTableViewTests;
				PRODUCT_NAME = "$(TARGET_NAME)";
				SWIFT_VERSION = 4.0;
				TARGETED_DEVICE_FAMILY = "1,2";
				TEST_HOST = "$(BUILT_PRODUCTS_DIR)/ExpensesTableView.app/ExpensesTableView";
			};
			name = Release;
		};
		31872E3E20752783005D5C45 /* Debug */ = {
			isa = XCBuildConfiguration;
			buildSettings = {
				ALWAYS_EMBED_SWIFT_STANDARD_LIBRARIES = YES;
				CODE_SIGN_STYLE = Automatic;
				DEVELOPMENT_TEAM = 6RSFSCR94T;
				INFOPLIST_FILE = ExpensesTableViewUITests/Info.plist;
				LD_RUNPATH_SEARCH_PATHS = (
					"$(inherited)",
					"@executable_path/Frameworks",
					"@loader_path/Frameworks",
				);
				PRODUCT_BUNDLE_IDENTIFIER = com.concurcourse.ExpensesTableViewUITests;
				PRODUCT_NAME = "$(TARGET_NAME)";
				SWIFT_VERSION = 4.0;
				TARGETED_DEVICE_FAMILY = "1,2";
				TEST_TARGET_NAME = ExpensesTableView;
			};
			name = Debug;
		};
		31872E3F20752783005D5C45 /* Release */ = {
			isa = XCBuildConfiguration;
			buildSettings = {
				ALWAYS_EMBED_SWIFT_STANDARD_LIBRARIES = YES;
				CODE_SIGN_STYLE = Automatic;
				DEVELOPMENT_TEAM = 6RSFSCR94T;
				INFOPLIST_FILE = ExpensesTableViewUITests/Info.plist;
				LD_RUNPATH_SEARCH_PATHS = (
					"$(inherited)",
					"@executable_path/Frameworks",
					"@loader_path/Frameworks",
				);
				PRODUCT_BUNDLE_IDENTIFIER = com.concurcourse.ExpensesTableViewUITests;
				PRODUCT_NAME = "$(TARGET_NAME)";
				SWIFT_VERSION = 4.0;
				TARGETED_DEVICE_FAMILY = "1,2";
				TEST_TARGET_NAME = ExpensesTableView;
			};
			name = Release;
		};
/* End XCBuildConfiguration section */

/* Begin XCConfigurationList section */
		31872E0A20752782005D5C45 /* Build configuration list for PBXProject "ExpensesTableView" */ = {
			isa = XCConfigurationList;
			buildConfigurations = (
				31872E3520752783005D5C45 /* Debug */,
				31872E3620752783005D5C45 /* Release */,
			);
			defaultConfigurationIsVisible = 0;
			defaultConfigurationName = Release;
		};
		31872E3720752783005D5C45 /* Build configuration list for PBXNativeTarget "ExpensesTableView" */ = {
			isa = XCConfigurationList;
			buildConfigurations = (
				31872E3820752783005D5C45 /* Debug */,
				31872E3920752783005D5C45 /* Release */,
			);
			defaultConfigurationIsVisible = 0;
			defaultConfigurationName = Release;
		};
		31872E3A20752783005D5C45 /* Build configuration list for PBXNativeTarget "ExpensesTableViewTests" */ = {
			isa = XCConfigurationList;
			buildConfigurations = (
				31872E3B20752783005D5C45 /* Debug */,
				31872E3C20752783005D5C45 /* Release */,
			);
			defaultConfigurationIsVisible = 0;
			defaultConfigurationName = Release;
		};
		31872E3D20752783005D5C45 /* Build configuration list for PBXNativeTarget "ExpensesTableViewUITests" */ = {
			isa = XCConfigurationList;
			buildConfigurations = (
				31872E3E20752783005D5C45 /* Debug */,
				31872E3F20752783005D5C45 /* Release */,
			);
			defaultConfigurationIsVisible = 0;
			defaultConfigurationName = Release;
		};
/* End XCConfigurationList section */
	};
	rootObject = 31872E0720752782005D5C45 /* Project object */;
}
